
Microsoft Visual Studio Solution File, Format Version 12.00
# Visual Studio Version 17
VisualStudioVersion = 17.13.35806.99
MinimumVisualStudioVersion = 10.0.40219.1
Project("{FAE04EC0-301F-11D3-BF4B-00C04F79EFBC}") = "maui-playground", "maui-playground\maui-playground.csproj", "{215DC136-B896-42F1-A07F-8D2E58F10190}"
EndProject
Project("{2150E333-8FDC-42A3-9474-1A3956D46DE8}") = ".github", ".github", "{02EA681E-C7D8-13C7-8484-4AC65E1B71E8}"
EndProject
Project("{2150E333-8FDC-42A3-9474-1A3956D46DE8}") = "workflows", "workflows", "{869A360D-D307-4FF7-A7D4-C28A3228A1EF}"
	ProjectSection(SolutionItems) = preProject
		.github\workflows\macos-build.yml = .github\workflows\macos-build.yml
	EndProjectSection
EndProject
Project("{2150E333-8FDC-42A3-9474-1A3956D46DE8}") = "Solution Items", "Solution Items", "{8EC462FD-D22E-90A8-E5CE-7E832BA40C5D}"
	ProjectSection(SolutionItems) = preProject
		mac-installer.p12 = mac-installer.p12
		Readme.md = Readme.md
		test-certificate.p12 = test-certificate.p12
	EndProjectSection
EndProject
Global
	GlobalSection(SolutionConfigurationPlatforms) = preSolution
		Debug|Any CPU = Debug|Any CPU
		Release|Any CPU = Release|Any CPU
	EndGlobalSection
	GlobalSection(ProjectConfigurationPlatforms) = postSolution
		{215DC136-B896-42F1-A07F-8D2E58F10190}.Debug|Any CPU.ActiveCfg = Debug|Any CPU
		{215DC136-B896-42F1-A07F-8D2E58F10190}.Debug|Any CPU.Build.0 = Debug|Any CPU
		{215DC136-B896-42F1-A07F-8D2E58F10190}.Debug|Any CPU.Deploy.0 = Debug|Any CPU
		{215DC136-B896-42F1-A07F-8D2E58F10190}.Release|Any CPU.ActiveCfg = Release|Any CPU
		{215DC136-B896-42F1-A07F-8D2E58F10190}.Release|Any CPU.Build.0 = Release|Any CPU
		{215DC136-B896-42F1-A07F-8D2E58F10190}.Release|Any CPU.Deploy.0 = Release|Any CPU
	EndGlobalSection
	GlobalSection(SolutionProperties) = preSolution
		HideSolutionNode = FALSE
	EndGlobalSection
	GlobalSection(NestedProjects) = preSolution
		{869A360D-D307-4FF7-A7D4-C28A3228A1EF} = {02EA681E-C7D8-13C7-8484-4AC65E1B71E8}
	EndGlobalSection
	GlobalSection(ExtensibilityGlobals) = postSolution
		SolutionGuid = {D823CEBA-F112-49AF-B293-4BA4377F2C1B}
	EndGlobalSection
EndGlobal
